// !$*UTF8*$!
{
	archiveVersion = 1;
	classes = {
	};
	objectVersion = 46;
	objects = {

/* Begin PBXBuildFile section */
		F98018B41D419C1A007A3A81 /* AppDelegate.swift in Sources */ = {isa = PBXBuildFile; fileRef = F98018B31D419C1A007A3A81 /* AppDelegate.swift */; };
		F98018B61D419C1A007A3A81 /* ViewController.swift in Sources */ = {isa = PBXBuildFile; fileRef = F98018B51D419C1A007A3A81 /* ViewController.swift */; };
		F98018B91D419C1A007A3A81 /* Main.storyboard in Resources */ = {isa = PBXBuildFile; fileRef = F98018B71D419C1A007A3A81 /* Main.storyboard */; };
		F98018BB1D419C1A007A3A81 /* Assets.xcassets in Resources */ = {isa = PBXBuildFile; fileRef = F98018BA1D419C1A007A3A81 /* Assets.xcassets */; };
		F98018BE1D419C1A007A3A81 /* LaunchScreen.storyboard in Resources */ = {isa = PBXBuildFile; fileRef = F98018BC1D419C1A007A3A81 /* LaunchScreen.storyboard */; };
/* End PBXBuildFile section */

/* Begin PBXFileReference section */
		F98018B01D419C1A007A3A81 /* ios-social-network.app */ = {isa = PBXFileReference; explicitFileType = wrapper.application; includeInIndex = 0; path = "ios-social-network.app"; sourceTree = BUILT_PRODUCTS_DIR; };
		F98018B31D419C1A007A3A81 /* AppDelegate.swift */ = {isa = PBXFileReference; lastKnownFileType = sourcecode.swift; path = AppDelegate.swift; sourceTree = "<group>"; };
		F98018B51D419C1A007A3A81 /* ViewController.swift */ = {isa = PBXFileReference; lastKnownFileType = sourcecode.swift; path = ViewController.swift; sourceTree = "<group>"; };
		F98018B81D419C1A007A3A81 /* Base */ = {isa = PBXFileReference; lastKnownFileType = file.storyboard; name = Base; path = Base.lproj/Main.storyboard; sourceTree = "<group>"; };
		F98018BA1D419C1A007A3A81 /* Assets.xcassets */ = {isa = PBXFileReference; lastKnownFileType = folder.assetcatalog; path = Assets.xcassets; sourceTree = "<group>"; };
		F98018BD1D419C1A007A3A81 /* Base */ = {isa = PBXFileReference; lastKnownFileType = file.storyboard; name = Base; path = Base.lproj/LaunchScreen.storyboard; sourceTree = "<group>"; };
		F98018BF1D419C1A007A3A81 /* Info.plist */ = {isa = PBXFileReference; lastKnownFileType = text.plist.xml; path = Info.plist; sourceTree = "<group>"; };
/* End PBXFileReference section */

/* Begin PBXFrameworksBuildPhase section */
		F98018AD1D419C1A007A3A81 /* Frameworks */ = {
			isa = PBXFrameworksBuildPhase;
			buildActionMask = 2147483647;
			files = (
			);
			runOnlyForDeploymentPostprocessing = 0;
		};
/* End PBXFrameworksBuildPhase section */

/* Begin PBXGroup section */
		F98018A71D419C1A007A3A81 = {
			isa = PBXGroup;
			children = (
				F98018B21D419C1A007A3A81 /* ios-social-network */,
				F98018B11D419C1A007A3A81 /* Products */,
			);
			sourceTree = "<group>";
		};
		F98018B11D419C1A007A3A81 /* Products */ = {
			isa = PBXGroup;
			children = (
				F98018B01D419C1A007A3A81 /* ios-social-network.app */,
			);
			name = Products;
			sourceTree = "<group>";
		};
		F98018B21D419C1A007A3A81 /* ios-social-network */ = {
			isa = PBXGroup;
			children = (
				F98018B31D419C1A007A3A81 /* AppDelegate.swift */,
				F98018B51D419C1A007A3A81 /* ViewController.swift */,
				F98018B71D419C1A007A3A81 /* Main.storyboard */,
				F98018BA1D419C1A007A3A81 /* Assets.xcassets */,
				F98018BC1D419C1A007A3A81 /* LaunchScreen.storyboard */,
				F98018BF1D419C1A007A3A81 /* Info.plist */,
			);
			path = "ios-social-network";
			sourceTree = "<group>";
		};
/* End PBXGroup section */

/* Begin PBXNativeTarget section */
		F98018AF1D419C1A007A3A81 /* ios-social-network */ = {
			isa = PBXNativeTarget;
			buildConfigurationList = F98018C21D419C1A007A3A81 /* Build configuration list for PBXNativeTarget "ios-social-network" */;
			buildPhases = (
				F98018AC1D419C1A007A3A81 /* Sources */,
				F98018AD1D419C1A007A3A81 /* Frameworks */,
				F98018AE1D419C1A007A3A81 /* Resources */,
			);
			buildRules = (
			);
			dependencies = (
			);
			name = "ios-social-network";
			productName = "ios-social-network";
			productReference = F98018B01D419C1A007A3A81 /* ios-social-network.app */;
			productType = "com.apple.product-type.application";
		};
/* End PBXNativeTarget section */

/* Begin PBXProject section */
		F98018A81D419C1A007A3A81 /* Project object */ = {
			isa = PBXProject;
			attributes = {
				LastSwiftUpdateCheck = 0730;
				LastUpgradeCheck = 0730;
				ORGANIZATIONNAME = "Adam Goth";
				TargetAttributes = {
					F98018AF1D419C1A007A3A81 = {
						CreatedOnToolsVersion = 7.3.1;
						DevelopmentTeam = M685F39Y73;
					};
				};
			};
			buildConfigurationList = F98018AB1D419C1A007A3A81 /* Build configuration list for PBXProject "ios-social-network" */;
			compatibilityVersion = "Xcode 3.2";
			developmentRegion = English;
			hasScannedForEncodings = 0;
			knownRegions = (
				en,
				Base,
			);
			mainGroup = F98018A71D419C1A007A3A81;
			productRefGroup = F98018B11D419C1A007A3A81 /* Products */;
			projectDirPath = "";
			projectRoot = "";
			targets = (
				F98018AF1D419C1A007A3A81 /* ios-social-network */,
			);
		};
/* End PBXProject section */

/* Begin PBXResourcesBuildPhase section */
		F98018AE1D419C1A007A3A81 /* Resources */ = {
			isa = PBXResourcesBuildPhase;
			buildActionMask = 2147483647;
			files = (
				F98018BE1D419C1A007A3A81 /* LaunchScreen.storyboard in Resources */,
				F98018BB1D419C1A007A3A81 /* Assets.xcassets in Resources */,
				F98018B91D419C1A007A3A81 /* Main.storyboard in Resources */,
			);
			runOnlyForDeploymentPostprocessing = 0;
		};
/* End PBXResourcesBuildPhase section */

/* Begin PBXSourcesBuildPhase section */
		F98018AC1D419C1A007A3A81 /* Sources */ = {
			isa = PBXSourcesBuildPhase;
			buildActionMask = 2147483647;
			files = (
				F98018B61D419C1A007A3A81 /* ViewController.swift in Sources */,
				F98018B41D419C1A007A3A81 /* AppDelegate.swift in Sources */,
			);
			runOnlyForDeploymentPostprocessing = 0;
		};
/* End PBXSourcesBuildPhase section */

/* Begin PBXVariantGroup section */
		F98018B71D419C1A007A3A81 /* Main.storyboard */ = {
			isa = PBXVariantGroup;
			children = (
				F98018B81D419C1A007A3A81 /* Base */,
			);
			name = Main.storyboard;
			sourceTree = "<group>";
		};
		F98018BC1D419C1A007A3A81 /* LaunchScreen.storyboard */ = {
			isa = PBXVariantGroup;
			children = (
				F98018BD1D419C1A007A3A81 /* Base */,
			);
			name = LaunchScreen.storyboard;
			sourceTree = "<group>";
		};
/* End PBXVariantGroup section */

/* Begin XCBuildConfiguration section */
		F98018C01D419C1A007A3A81 /* Debug */ = {
			isa = XCBuildConfiguration;
			buildSettings = {
				ALWAYS_SEARCH_USER_PATHS = NO;
				CLANG_ANALYZER_NONNULL = YES;
				CLANG_CXX_LANGUAGE_STANDARD = "gnu++0x";
				CLANG_CXX_LIBRARY = "libc++";
				CLANG_ENABLE_MODULES = YES;
				CLANG_ENABLE_OBJC_ARC = YES;
				CLANG_WARN_BOOL_CONVERSION = YES;
				CLANG_WARN_CONSTANT_CONVERSION = YES;
				CLANG_WARN_DIRECT_OBJC_ISA_USAGE = YES_ERROR;
				CLANG_WARN_EMPTY_BODY = YES;
				CLANG_WARN_ENUM_CONVERSION = YES;
				CLANG_WARN_INT_CONVERSION = YES;
				CLANG_WARN_OBJC_ROOT_CLASS = YES_ERROR;
				CLANG_WARN_UNREACHABLE_CODE = YES;
				CLANG_WARN__DUPLICATE_METHOD_MATCH = YES;
				"CODE_SIGN_IDENTITY[sdk=iphoneos*]" = "iPhone Developer";
				COPY_PHASE_STRIP = NO;
				DEBUG_INFORMATION_FORMAT = dwarf;
				ENABLE_STRICT_OBJC_MSGSEND = YES;
				ENABLE_TESTABILITY = YES;
				GCC_C_LANGUAGE_STANDARD = gnu99;
				GCC_DYNAMIC_NO_PIC = NO;
				GCC_NO_COMMON_BLOCKS = YES;
				GCC_OPTIMIZATION_LEVEL = 0;
				GCC_PREPROCESSOR_DEFINITIONS = (
					"DEBUG=1",
					"$(inherited)",
				);
				GCC_WARN_64_TO_32_BIT_CONVERSION = YES;
				GCC_WARN_ABOUT_RETURN_TYPE = YES_ERROR;
				GCC_WARN_UNDECLARED_SELECTOR = YES;
				GCC_WARN_UNINITIALIZED_AUTOS = YES_AGGRESSIVE;
				GCC_WARN_UNUSED_FUNCTION = YES;
				GCC_WARN_UNUSED_VARIABLE = YES;
				IPHONEOS_DEPLOYMENT_TARGET = 9.3;
				MTL_ENABLE_DEBUG_INFO = YES;
				ONLY_ACTIVE_ARCH = YES;
				SDKROOT = iphoneos;
				SWIFT_OPTIMIZATION_LEVEL = "-Onone";
				TARGETED_DEVICE_FAMILY = "1,2";
			};
			name = Debug;
		};
		F98018C11D419C1A007A3A81 /* Release */ = {
			isa = XCBuildConfiguration;
			buildSettings = {
				ALWAYS_SEARCH_USER_PATHS = NO;
				CLANG_ANALYZER_NONNULL = YES;
				CLANG_CXX_LANGUAGE_STANDARD = "gnu++0x";
				CLANG_CXX_LIBRARY = "libc++";
				CLANG_ENABLE_MODULES = YES;
				CLANG_ENABLE_OBJC_ARC = YES;
				CLANG_WARN_BOOL_CONVERSION = YES;
				CLANG_WARN_CONSTANT_CONVERSION = YES;
				CLANG_WARN_DIRECT_OBJC_ISA_USAGE = YES_ERROR;
				CLANG_WARN_EMPTY_BODY = YES;
				CLANG_WARN_ENUM_CONVERSION = YES;
				CLANG_WARN_INT_CONVERSION = YES;
				CLANG_WARN_OBJC_ROOT_CLASS = YES_ERROR;
				CLANG_WARN_UNREACHABLE_CODE = YES;
				CLANG_WARN__DUPLICATE_METHOD_MATCH = YES;
				"CODE_SIGN_IDENTITY[sdk=iphoneos*]" = "iPhone Developer";
				COPY_PHASE_STRIP = NO;
				DEBUG_INFORMATION_FORMAT = "dwarf-with-dsym";
				ENABLE_NS_ASSERTIONS = NO;
				ENABLE_STRICT_OBJC_MSGSEND = YES;
				GCC_C_LANGUAGE_STANDARD = gnu99;
				GCC_NO_COMMON_BLOCKS = YES;
				GCC_WARN_64_TO_32_BIT_CONVERSION = YES;
				GCC_WARN_ABOUT_RETURN_TYPE = YES_ERROR;
				GCC_WARN_UNDECLARED_SELECTOR = YES;
				GCC_WARN_UNINITIALIZED_AUTOS = YES_AGGRESSIVE;
				GCC_WARN_UNUSED_FUNCTION = YES;
				GCC_WARN_UNUSED_VARIABLE = YES;
				IPHONEOS_DEPLOYMENT_TARGET = 9.3;
				MTL_ENABLE_DEBUG_INFO = NO;
				SDKROOT = iphoneos;
				TARGETED_DEVICE_FAMILY = "1,2";
				VALIDATE_PRODUCT = YES;
			};
			name = Release;
		};
		F98018C31D419C1A007A3A81 /* Debug */ = {
			isa = XCBuildConfiguration;
			buildSettings = {
				ASSETCATALOG_COMPILER_APPICON_NAME = AppIcon;
				INFOPLIST_FILE = "ios-social-network/Info.plist";
				LD_RUNPATH_SEARCH_PATHS = "$(inherited) @executable_path/Frameworks";
				PRODUCT_BUNDLE_IDENTIFIER = "com.adamgoth.ios-social-network";
				PRODUCT_NAME = "$(TARGET_NAME)";
			};
			name = Debug;
		};
		F98018C41D419C1A007A3A81 /* Release */ = {
			isa = XCBuildConfiguration;
			buildSettings = {
				ASSETCATALOG_COMPILER_APPICON_NAME = AppIcon;
				INFOPLIST_FILE = "ios-social-network/Info.plist";
				LD_RUNPATH_SEARCH_PATHS = "$(inherited) @executable_path/Frameworks";
				PRODUCT_BUNDLE_IDENTIFIER = "com.adamgoth.ios-social-network";
				PRODUCT_NAME = "$(TARGET_NAME)";
			};
			name = Release;
		};
/* End XCBuildConfiguration section */

/* Begin XCConfigurationList section */
		F98018AB1D419C1A007A3A81 /* Build configuration list for PBXProject "ios-social-network" */ = {
			isa = XCConfigurationList;
			buildConfigurations = (
				F98018C01D419C1A007A3A81 /* Debug */,
				F98018C11D419C1A007A3A81 /* Release */,
			);
			defaultConfigurationIsVisible = 0;
			defaultConfigurationName = Release;
		};
		F98018C21D419C1A007A3A81 /* Build configuration list for PBXNativeTarget "ios-social-network" */ = {
			isa = XCConfigurationList;
			buildConfigurations = (
				F98018C31D419C1A007A3A81 /* Debug */,
				F98018C41D419C1A007A3A81 /* Release */,
			);
			defaultConfigurationIsVisible = 0;
		};
/* End XCConfigurationList section */
	};
	rootObject = F98018A81D419C1A007A3A81 /* Project object */;
}
